// !$*UTF8*$!
{
	archiveVersion = 1;
	classes = {
	};
	objectVersion = 46;
	objects = {

/* Begin PBXBuildFile section */
		7323CB5D13490A04004F1886 /* destinations_controller.rb in Resources */ = {isa = PBXBuildFile; fileRef = 7323CB5C13490A04004F1886 /* destinations_controller.rb */; };
		7323CB5F13490B01004F1886 /* messages_controller.rb in Resources */ = {isa = PBXBuildFile; fileRef = 7323CB5E13490B01004F1886 /* messages_controller.rb */; };
		7323CB61134916FA004F1886 /* streams_controller.rb in Resources */ = {isa = PBXBuildFile; fileRef = 7323CB60134916FA004F1886 /* streams_controller.rb */; };
		7323CB671349B9F8004F1886 /* socialcast.yml in Resources */ = {isa = PBXBuildFile; fileRef = 7323CB661349B9F8004F1886 /* socialcast.yml */; };
		7352DC741341391A00F6FD44 /* Cocoa.framework in Frameworks */ = {isa = PBXBuildFile; fileRef = 7352DC731341391A00F6FD44 /* Cocoa.framework */; };
		7352DC761341391A00F6FD44 /* MacRuby.framework in Frameworks */ = {isa = PBXBuildFile; fileRef = 7352DC751341391A00F6FD44 /* MacRuby.framework */; };
		7352DC7D1341391A00F6FD44 /* InfoPlist.strings in Resources */ = {isa = PBXBuildFile; fileRef = 7352DC7B1341391A00F6FD44 /* InfoPlist.strings */; };
		7352DC801341391A00F6FD44 /* main.m in Sources */ = {isa = PBXBuildFile; fileRef = 7352DC7F1341391A00F6FD44 /* main.m */; };
		7352DC841341391A00F6FD44 /* MainMenu.xib in Resources */ = {isa = PBXBuildFile; fileRef = 7352DC821341391A00F6FD44 /* MainMenu.xib */; };
		7352DC871341391A00F6FD44 /* rb_main.rb in Resources */ = {isa = PBXBuildFile; fileRef = 7352DC861341391A00F6FD44 /* rb_main.rb */; };
		7352DC891341391A00F6FD44 /* AppDelegate.rb in Resources */ = {isa = PBXBuildFile; fileRef = 7352DC881341391A00F6FD44 /* AppDelegate.rb */; };
		737CAF02134F5E2A008886EE /* status.rb in Resources */ = {isa = PBXBuildFile; fileRef = 737CAF01134F5E2A008886EE /* status.rb */; };
		737CAF04134FCB89008886EE /* destination.rb in Resources */ = {isa = PBXBuildFile; fileRef = 737CAF03134FCB89008886EE /* destination.rb */; };
		73DCD24F134D1CA500175BC2 /* gems in Resources */ = {isa = PBXBuildFile; fileRef = 73DCD24E134D1CA500175BC2 /* gems */; };
/* End PBXBuildFile section */

/* Begin PBXFileReference section */
		7323CB5C13490A04004F1886 /* destinations_controller.rb */ = {isa = PBXFileReference; fileEncoding = 4; lastKnownFileType = text.script.ruby; path = destinations_controller.rb; sourceTree = "<group>"; };
		7323CB5E13490B01004F1886 /* messages_controller.rb */ = {isa = PBXFileReference; fileEncoding = 4; lastKnownFileType = text.script.ruby; path = messages_controller.rb; sourceTree = "<group>"; };
		7323CB60134916FA004F1886 /* streams_controller.rb */ = {isa = PBXFileReference; fileEncoding = 4; lastKnownFileType = text.script.ruby; path = streams_controller.rb; sourceTree = "<group>"; };
		7323CB661349B9F8004F1886 /* socialcast.yml */ = {isa = PBXFileReference; fileEncoding = 4; lastKnownFileType = text; path = socialcast.yml; sourceTree = "<group>"; };
		7352DC6F1341391A00F6FD44 /* StatusCast.app */ = {isa = PBXFileReference; explicitFileType = wrapper.application; includeInIndex = 0; path = StatusCast.app; sourceTree = BUILT_PRODUCTS_DIR; };
		7352DC731341391A00F6FD44 /* Cocoa.framework */ = {isa = PBXFileReference; lastKnownFileType = wrapper.framework; name = Cocoa.framework; path = System/Library/Frameworks/Cocoa.framework; sourceTree = SDKROOT; };
		7352DC751341391A00F6FD44 /* MacRuby.framework */ = {isa = PBXFileReference; lastKnownFileType = wrapper.framework; name = MacRuby.framework; path = System/Library/Frameworks/MacRuby.framework; sourceTree = SDKROOT; };
		7352DC7A1341391A00F6FD44 /* StatusCast-Info.plist */ = {isa = PBXFileReference; lastKnownFileType = text.plist.xml; path = "StatusCast-Info.plist"; sourceTree = "<group>"; };
		7352DC7C1341391A00F6FD44 /* en */ = {isa = PBXFileReference; lastKnownFileType = text.plist.strings; name = en; path = en.lproj/InfoPlist.strings; sourceTree = "<group>"; };
		7352DC7E1341391A00F6FD44 /* StatusCast-Prefix.pch */ = {isa = PBXFileReference; lastKnownFileType = sourcecode.c.h; path = "StatusCast-Prefix.pch"; sourceTree = "<group>"; };
		7352DC7F1341391A00F6FD44 /* main.m */ = {isa = PBXFileReference; lastKnownFileType = sourcecode.c.objc; path = main.m; sourceTree = "<group>"; };
		7352DC831341391A00F6FD44 /* en */ = {isa = PBXFileReference; lastKnownFileType = file.xib; name = en; path = en.lproj/MainMenu.xib; sourceTree = "<group>"; };
		7352DC861341391A00F6FD44 /* rb_main.rb */ = {isa = PBXFileReference; lastKnownFileType = text.script.ruby; path = rb_main.rb; sourceTree = "<group>"; };
		7352DC881341391A00F6FD44 /* AppDelegate.rb */ = {isa = PBXFileReference; lastKnownFileType = text.script.ruby; path = AppDelegate.rb; sourceTree = "<group>"; };
		737CAF01134F5E2A008886EE /* status.rb */ = {isa = PBXFileReference; fileEncoding = 4; lastKnownFileType = text.script.ruby; path = status.rb; sourceTree = "<group>"; };
		737CAF03134FCB89008886EE /* destination.rb */ = {isa = PBXFileReference; fileEncoding = 4; lastKnownFileType = text.script.ruby; path = destination.rb; sourceTree = "<group>"; };
		73DCD24E134D1CA500175BC2 /* gems */ = {isa = PBXFileReference; lastKnownFileType = folder; name = gems; path = StatusCast/gems; sourceTree = "<group>"; };
/* End PBXFileReference section */

/* Begin PBXFrameworksBuildPhase section */
		7352DC6C1341391A00F6FD44 /* Frameworks */ = {
			isa = PBXFrameworksBuildPhase;
			buildActionMask = 2147483647;
			files = (
				7352DC741341391A00F6FD44 /* Cocoa.framework in Frameworks */,
				7352DC761341391A00F6FD44 /* MacRuby.framework in Frameworks */,
			);
			runOnlyForDeploymentPostprocessing = 0;
		};
/* End PBXFrameworksBuildPhase section */

/* Begin PBXGroup section */
		7352DC641341391A00F6FD44 = {
			isa = PBXGroup;
			children = (
				73DCD24E134D1CA500175BC2 /* gems */,
				7352DC781341391A00F6FD44 /* StatusCast */,
				7352DC721341391A00F6FD44 /* Frameworks */,
				7352DC701341391A00F6FD44 /* Products */,
			);
			sourceTree = "<group>";
		};
		7352DC701341391A00F6FD44 /* Products */ = {
			isa = PBXGroup;
			children = (
				7352DC6F1341391A00F6FD44 /* StatusCast.app */,
			);
			name = Products;
			sourceTree = "<group>";
		};
		7352DC721341391A00F6FD44 /* Frameworks */ = {
			isa = PBXGroup;
			children = (
				7352DC731341391A00F6FD44 /* Cocoa.framework */,
				7352DC751341391A00F6FD44 /* MacRuby.framework */,
			);
			name = Frameworks;
			sourceTree = "<group>";
		};
		7352DC781341391A00F6FD44 /* StatusCast */ = {
			isa = PBXGroup;
			children = (
				73ED0CD81344E80700FCF0C3 /* Classes */,
				7352DC811341391A00F6FD44 /* Resources */,
				7352DC851341391A00F6FD44 /* Other Sources */,
				7352DC791341391A00F6FD44 /* Supporting Files */,
			);
			path = StatusCast;
			sourceTree = "<group>";
		};
		7352DC791341391A00F6FD44 /* Supporting Files */ = {
			isa = PBXGroup;
			children = (
				7352DC7A1341391A00F6FD44 /* StatusCast-Info.plist */,
				7352DC7B1341391A00F6FD44 /* InfoPlist.strings */,
				7352DC7E1341391A00F6FD44 /* StatusCast-Prefix.pch */,
				7352DC7F1341391A00F6FD44 /* main.m */,
			);
			name = "Supporting Files";
			sourceTree = "<group>";
		};
		7352DC811341391A00F6FD44 /* Resources */ = {
			isa = PBXGroup;
			children = (
				7352DC821341391A00F6FD44 /* MainMenu.xib */,
			);
			name = Resources;
			sourceTree = "<group>";
		};
		7352DC851341391A00F6FD44 /* Other Sources */ = {
			isa = PBXGroup;
			children = (
				7352DC861341391A00F6FD44 /* rb_main.rb */,
			);
			name = "Other Sources";
			sourceTree = "<group>";
		};
		73ED0CD81344E80700FCF0C3 /* Classes */ = {
			isa = PBXGroup;
			children = (
				737CAF03134FCB89008886EE /* destination.rb */,
				7323CB661349B9F8004F1886 /* socialcast.yml */,
				7352DC881341391A00F6FD44 /* AppDelegate.rb */,
				7323CB5C13490A04004F1886 /* destinations_controller.rb */,
				737CAF01134F5E2A008886EE /* status.rb */,
				7323CB5E13490B01004F1886 /* messages_controller.rb */,
				7323CB60134916FA004F1886 /* streams_controller.rb */,
			);
			name = Classes;
			sourceTree = "<group>";
		};
/* End PBXGroup section */

/* Begin PBXLegacyTarget section */
		7352DC771341391A00F6FD44 /* Deployment */ = {
			isa = PBXLegacyTarget;
			buildArgumentsString = "--compile --embed";
			buildConfigurationList = 7352DC8F1341391A00F6FD44 /* Build configuration list for PBXLegacyTarget "Deployment" */;
			buildPhases = (
			);
			buildToolPath = /usr/local/bin/macruby_deploy;
			dependencies = (
			);
			name = Deployment;
			passBuildSettingsInEnvironment = 1;
			productName = Deployment;
		};
/* End PBXLegacyTarget section */

/* Begin PBXNativeTarget section */
		7352DC6E1341391A00F6FD44 /* StatusCast */ = {
			isa = PBXNativeTarget;
			buildConfigurationList = 7352DC8C1341391A00F6FD44 /* Build configuration list for PBXNativeTarget "StatusCast" */;
			buildPhases = (
				7352DC6B1341391A00F6FD44 /* Sources */,
				7352DC6C1341391A00F6FD44 /* Frameworks */,
				7352DC6D1341391A00F6FD44 /* Resources */,
			);
			buildRules = (
			);
			dependencies = (
			);
			name = StatusCast;
			productName = StatusCast;
			productReference = 7352DC6F1341391A00F6FD44 /* StatusCast.app */;
			productType = "com.apple.product-type.application";
		};
/* End PBXNativeTarget section */

/* Begin PBXProject section */
		7352DC661341391A00F6FD44 /* Project object */ = {
			isa = PBXProject;
			buildConfigurationList = 7352DC691341391A00F6FD44 /* Build configuration list for PBXProject "StatusCast" */;
			compatibilityVersion = "Xcode 3.2";
			developmentRegion = English;
			hasScannedForEncodings = 0;
			knownRegions = (
				en,
			);
			mainGroup = 7352DC641341391A00F6FD44;
			productRefGroup = 7352DC701341391A00F6FD44 /* Products */;
			projectDirPath = "";
			projectRoot = "";
			targets = (
				7352DC6E1341391A00F6FD44 /* StatusCast */,
				7352DC771341391A00F6FD44 /* Deployment */,
			);
		};
/* End PBXProject section */

/* Begin PBXResourcesBuildPhase section */
		7352DC6D1341391A00F6FD44 /* Resources */ = {
			isa = PBXResourcesBuildPhase;
			buildActionMask = 2147483647;
			files = (
				7352DC7D1341391A00F6FD44 /* InfoPlist.strings in Resources */,
				7352DC841341391A00F6FD44 /* MainMenu.xib in Resources */,
				7352DC871341391A00F6FD44 /* rb_main.rb in Resources */,
				7352DC891341391A00F6FD44 /* AppDelegate.rb in Resources */,
				7323CB5D13490A04004F1886 /* destinations_controller.rb in Resources */,
				7323CB5F13490B01004F1886 /* messages_controller.rb in Resources */,
				7323CB61134916FA004F1886 /* streams_controller.rb in Resources */,
				7323CB671349B9F8004F1886 /* socialcast.yml in Resources */,
				73DCD24F134D1CA500175BC2 /* gems in Resources */,
				737CAF02134F5E2A008886EE /* status.rb in Resources */,
				737CAF04134FCB89008886EE /* destination.rb in Resources */,
			);
			runOnlyForDeploymentPostprocessing = 0;
		};
/* End PBXResourcesBuildPhase section */

/* Begin PBXSourcesBuildPhase section */
		7352DC6B1341391A00F6FD44 /* Sources */ = {
			isa = PBXSourcesBuildPhase;
			buildActionMask = 2147483647;
			files = (
				7352DC801341391A00F6FD44 /* main.m in Sources */,
			);
			runOnlyForDeploymentPostprocessing = 0;
		};
/* End PBXSourcesBuildPhase section */

/* Begin PBXVariantGroup section */
		7352DC7B1341391A00F6FD44 /* InfoPlist.strings */ = {
			isa = PBXVariantGroup;
			children = (
				7352DC7C1341391A00F6FD44 /* en */,
			);
			name = InfoPlist.strings;
			sourceTree = "<group>";
		};
		7352DC821341391A00F6FD44 /* MainMenu.xib */ = {
			isa = PBXVariantGroup;
			children = (
				7352DC831341391A00F6FD44 /* en */,
			);
			name = MainMenu.xib;
			sourceTree = "<group>";
		};
/* End PBXVariantGroup section */

/* Begin XCBuildConfiguration section */
		7352DC8A1341391A00F6FD44 /* Debug */ = {
			isa = XCBuildConfiguration;
			buildSettings = {
				ARCHS = "$(ARCHS_STANDARD_32_64_BIT)";
				GCC_C_LANGUAGE_STANDARD = gnu99;
				GCC_OPTIMIZATION_LEVEL = 0;
				GCC_PREPROCESSOR_DEFINITIONS = DEBUG;
				GCC_SYMBOLS_PRIVATE_EXTERN = NO;
				GCC_VERSION = com.apple.compilers.llvm.clang.1_0;
				GCC_WARN_64_TO_32_BIT_CONVERSION = YES;
				GCC_WARN_ABOUT_RETURN_TYPE = YES;
				GCC_WARN_UNUSED_VARIABLE = YES;
				MACOSX_DEPLOYMENT_TARGET = 10.6;
				ONLY_ACTIVE_ARCH = YES;
				SDKROOT = macosx;
			};
			name = Debug;
		};
		7352DC8B1341391A00F6FD44 /* Release */ = {
			isa = XCBuildConfiguration;
			buildSettings = {
				ARCHS = "$(ARCHS_STANDARD_32_64_BIT)";
				GCC_C_LANGUAGE_STANDARD = gnu99;
				GCC_VERSION = com.apple.compilers.llvm.clang.1_0;
				GCC_WARN_64_TO_32_BIT_CONVERSION = YES;
				GCC_WARN_ABOUT_RETURN_TYPE = YES;
				GCC_WARN_UNUSED_VARIABLE = YES;
				MACOSX_DEPLOYMENT_TARGET = 10.6;
				SDKROOT = macosx;
			};
			name = Release;
		};
		7352DC8D1341391A00F6FD44 /* Debug */ = {
			isa = XCBuildConfiguration;
			buildSettings = {
				ALWAYS_SEARCH_USER_PATHS = NO;
				COPY_PHASE_STRIP = NO;
				GCC_DYNAMIC_NO_PIC = NO;
				GCC_ENABLE_OBJC_EXCEPTIONS = YES;
				GCC_ENABLE_OBJC_GC = required;
				GCC_PRECOMPILE_PREFIX_HEADER = YES;
				GCC_PREFIX_HEADER = "StatusCast/StatusCast-Prefix.pch";
				INFOPLIST_FILE = "StatusCast/StatusCast-Info.plist";
				PRODUCT_NAME = "$(TARGET_NAME)";
				WRAPPER_EXTENSION = app;
			};
			name = Debug;
		};
		7352DC8E1341391A00F6FD44 /* Release */ = {
			isa = XCBuildConfiguration;
			buildSettings = {
				ALWAYS_SEARCH_USER_PATHS = NO;
				COPY_PHASE_STRIP = YES;
				DEBUG_INFORMATION_FORMAT = "dwarf-with-dsym";
				GCC_ENABLE_OBJC_EXCEPTIONS = YES;
				GCC_ENABLE_OBJC_GC = required;
				GCC_PRECOMPILE_PREFIX_HEADER = YES;
				GCC_PREFIX_HEADER = "StatusCast/StatusCast-Prefix.pch";
				INFOPLIST_FILE = "StatusCast/StatusCast-Info.plist";
				PRODUCT_NAME = "$(TARGET_NAME)";
				WRAPPER_EXTENSION = app;
			};
			name = Release;
		};
		7352DC901341391A00F6FD44 /* Debug */ = {
			isa = XCBuildConfiguration;
			buildSettings = {
			};
			name = Debug;
		};
		7352DC911341391A00F6FD44 /* Release */ = {
			isa = XCBuildConfiguration;
			buildSettings = {
			};
			name = Release;
		};
/* End XCBuildConfiguration section */

/* Begin XCConfigurationList section */
		7352DC691341391A00F6FD44 /* Build configuration list for PBXProject "StatusCast" */ = {
			isa = XCConfigurationList;
			buildConfigurations = (
				7352DC8A1341391A00F6FD44 /* Debug */,
				7352DC8B1341391A00F6FD44 /* Release */,
			);
			defaultConfigurationIsVisible = 0;
			defaultConfigurationName = Release;
		};
		7352DC8C1341391A00F6FD44 /* Build configuration list for PBXNativeTarget "StatusCast" */ = {
			isa = XCConfigurationList;
			buildConfigurations = (
				7352DC8D1341391A00F6FD44 /* Debug */,
				7352DC8E1341391A00F6FD44 /* Release */,
			);
			defaultConfigurationIsVisible = 0;
			defaultConfigurationName = Release;
		};
		7352DC8F1341391A00F6FD44 /* Build configuration list for PBXLegacyTarget "Deployment" */ = {
			isa = XCConfigurationList;
			buildConfigurations = (
				7352DC901341391A00F6FD44 /* Debug */,
				7352DC911341391A00F6FD44 /* Release */,
			);
			defaultConfigurationIsVisible = 0;
			defaultConfigurationName = Release;
		};
/* End XCConfigurationList section */
	};
	rootObject = 7352DC661341391A00F6FD44 /* Project object */;
}
